
Microsoft Visual Studio Solution File, Format Version 12.00
# Visual Studio 2013
VisualStudioVersion = 12.0.21005.1
MinimumVisualStudioVersion = 10.0.40219.1
Project("{FAE04EC0-301F-11D3-BF4B-00C04F79EFBC}") = "XIMALAYACOPY", "XIMALAYACOPY\XIMALAYACOPY.csproj", "{6030F619-5A2D-4EE8-8ABA-16F364C08E60}"
EndProject
Project("{2150E333-8FDC-42A3-9474-1A3956D46DE8}") = "Core", "Core", "{1E28F27C-724E-4B74-AB1F-B0E7BEA0E547}"
EndProject
Project("{FAE04EC0-301F-11D3-BF4B-00C04F79EFBC}") = "XIMALAYACOPY.Core.Data", "XIMALAYACOPY.Core.Data\XIMALAYACOPY.Core.Data.csproj", "{71B60293-7854-4E27-BAD9-C9908B7EDB56}"
EndProject
Project("{2150E333-8FDC-42A3-9474-1A3956D46DE8}") = "Infrastructure", "Infrastructure", "{4F52F1DA-3CF8-41C9-81E9-EFFDAB978489}"
EndProject
Global
	GlobalSection(SolutionConfigurationPlatforms) = preSolution
		Debug|Any CPU = Debug|Any CPU
		Release|Any CPU = Release|Any CPU
	EndGlobalSection
	GlobalSection(ProjectConfigurationPlatforms) = postSolution
		{6030F619-5A2D-4EE8-8ABA-16F364C08E60}.Debug|Any CPU.ActiveCfg = Debug|Any CPU
		{6030F619-5A2D-4EE8-8ABA-16F364C08E60}.Debug|Any CPU.Build.0 = Debug|Any CPU
		{6030F619-5A2D-4EE8-8ABA-16F364C08E60}.Release|Any CPU.ActiveCfg = Release|Any CPU
		{6030F619-5A2D-4EE8-8ABA-16F364C08E60}.Release|Any CPU.Build.0 = Release|Any CPU
		{71B60293-7854-4E27-BAD9-C9908B7EDB56}.Debug|Any CPU.ActiveCfg = Debug|Any CPU
		{71B60293-7854-4E27-BAD9-C9908B7EDB56}.Debug|Any CPU.Build.0 = Debug|Any CPU
		{71B60293-7854-4E27-BAD9-C9908B7EDB56}.Release|Any CPU.ActiveCfg = Release|Any CPU
		{71B60293-7854-4E27-BAD9-C9908B7EDB56}.Release|Any CPU.Build.0 = Release|Any CPU
	EndGlobalSection
	GlobalSection(SolutionProperties) = preSolution
		HideSolutionNode = FALSE
	EndGlobalSection
	GlobalSection(NestedProjects) = preSolution
		{71B60293-7854-4E27-BAD9-C9908B7EDB56} = {1E28F27C-724E-4B74-AB1F-B0E7BEA0E547}
	EndGlobalSection
EndGlobal
