
Microsoft Visual Studio Solution File, Format Version 12.00
# Visual Studio 2013
VisualStudioVersion = 12.0.21005.1
MinimumVisualStudioVersion = 10.0.40219.1
Project("{FAE04EC0-301F-11D3-BF4B-00C04F79EFBC}") = "XIMALAYACOPY", "XIMALAYACOPY\XIMALAYACOPY.csproj", "{6030F619-5A2D-4EE8-8ABA-16F364C08E60}"
EndProject
Project("{2150E333-8FDC-42A3-9474-1A3956D46DE8}") = "Core", "Core", "{1E28F27C-724E-4B74-AB1F-B0E7BEA0E547}"
EndProject
Project("{2150E333-8FDC-42A3-9474-1A3956D46DE8}") = "Infrastructure", "Infrastructure", "{4F52F1DA-3CF8-41C9-81E9-EFFDAB978489}"
EndProject
Project("{FAE04EC0-301F-11D3-BF4B-00C04F79EFBC}") = "XIMALAYACOPY.Core.Data", "Core\XIMALAYACOPY.Core.Data\XIMALAYACOPY.Core.Data.csproj", "{71B60293-7854-4E27-BAD9-C9908B7EDB56}"
EndProject
Project("{2150E333-8FDC-42A3-9474-1A3956D46DE8}") = "FluetJson-Net", "FluetJson-Net", "{C96BB282-0524-4EF1-ACB5-88BD0ECECCB4}"
EndProject
Project("{FAE04EC0-301F-11D3-BF4B-00C04F79EFBC}") = "FluentJson-Net", "Infrastructure\FluentJson\FluentJson-Net.csproj", "{E4CBC5EF-B060-458B-8AE7-C561AAFBE46E}"
EndProject
Project("{FAE04EC0-301F-11D3-BF4B-00C04F79EFBC}") = "XIMALAYACOPY.Core.Models", "Core\XIMALAYACOPY.Core.Models\XIMALAYACOPY.Core.Models.csproj", "{7B958F71-09B8-440E-9B0F-0830119859D0}"
EndProject
Project("{2150E333-8FDC-42A3-9474-1A3956D46DE8}") = "XIMALAYACOPY", "XIMALAYACOPY", "{3A0F5D61-C63B-4B1F-89CB-B01A31C71F36}"
EndProject
Project("{FAE04EC0-301F-11D3-BF4B-00C04F79EFBC}") = "XIMALAYACOPY.Tools", "Infrastructure\XIMALAYACOPY.Tools\XIMALAYACOPY.Tools.csproj", "{5217E724-2B3F-4323-8BE6-0FF03726A532}"
EndProject
Project("{FAE04EC0-301F-11D3-BF4B-00C04F79EFBC}") = "XIMALAYACOPY.Core.ParamsModel", "Core\XIMALAYACOPY.Core.ParamsModel\XIMALAYACOPY.Core.ParamsModel.csproj", "{52E5CD86-D6DA-4813-84F7-2416159F4AA6}"
EndProject
Project("{FAE04EC0-301F-11D3-BF4B-00C04F79EFBC}") = "XIMALAYACOPY.Core.Services", "Core\XIMALAYACOPY.Core.Services\XIMALAYACOPY.Core.Services.csproj", "{99122967-C6B8-4400-B985-2145FF2A70D9}"
EndProject
Project("{2150E333-8FDC-42A3-9474-1A3956D46DE8}") = "MahApps", "MahApps", "{822BCB6B-5783-49B2-BD6D-3E848AD8276B}"
EndProject
Project("{FAE04EC0-301F-11D3-BF4B-00C04F79EFBC}") = "MahApps.Metro.NET45", "Infrastructure\MahApps.Metro\MahApps.Metro\MahApps.Metro.NET45.csproj", "{942D11C4-29F5-46C4-8C14-4B976D56C637}"
EndProject
Project("{FAE04EC0-301F-11D3-BF4B-00C04F79EFBC}") = "MahApps.Metro.Resources", "Infrastructure\MahApps.Metro\MahApps.Metro.Resources\MahApps.Metro.Resources.csproj", "{E708AC99-605B-42A0-8D20-ABCA8FE42DD2}"
EndProject
Project("{2150E333-8FDC-42A3-9474-1A3956D46DE8}") = "Prism", "Prism", "{771804B4-7CD2-4E2F-A2B4-C39220357810}"
EndProject
Project("{FAE04EC0-301F-11D3-BF4B-00C04F79EFBC}") = "Prism.Desktop", "Infrastructure\Prism\Prism\Prism.Desktop.csproj", "{77138947-1D13-4E22-AEE0-5D0DD046CA34}"
EndProject
Project("{FAE04EC0-301F-11D3-BF4B-00C04F79EFBC}") = "Prism.Interactivity", "Infrastructure\Prism\Prism.Interactivity\Prism.Interactivity.csproj", "{DE856812-A32C-4866-801E-AF396D711942}"
EndProject
Project("{FAE04EC0-301F-11D3-BF4B-00C04F79EFBC}") = "Prism.MefExtensions.Desktop", "Infrastructure\Prism\Prism.MefExtensions\Prism.MefExtensions.Desktop.csproj", "{6ED61550-8E7A-42C6-9B30-380C6F97ED55}"
EndProject
Project("{2150E333-8FDC-42A3-9474-1A3956D46DE8}") = "WPFSoundVisualizationLibrary", "WPFSoundVisualizationLibrary", "{3C25E5A5-FE29-420F-83AD-FC14BAF7EA24}"
EndProject
Project("{FAE04EC0-301F-11D3-BF4B-00C04F79EFBC}") = "WPFSoundVisualizationLib", "Infrastructure\WPFSoundVisualizationLibrary\WPFSoundVisualizationLib.csproj", "{90F96222-1C39-4A19-ABE8-1B00FB330985}"
EndProject
Project("{FAE04EC0-301F-11D3-BF4B-00C04F79EFBC}") = "XIMALAYACOPY.Cache", "Infrastructure\XIMALAYACOPY.Cache\XIMALAYACOPY.Cache.csproj", "{BFCF93DF-58EC-4B76-868A-C7632F093731}"
EndProject
Project("{FAE04EC0-301F-11D3-BF4B-00C04F79EFBC}") = "XIMALAYACOPY.Controls", "Infrastructure\XIMALAYACOPY.Controls\XIMALAYACOPY.Controls.csproj", "{A05C5DFF-932E-4848-8FCD-6ED953C6FE2F}"
EndProject
Global
	GlobalSection(SolutionConfigurationPlatforms) = preSolution
		Debug|Any CPU = Debug|Any CPU
		Release|Any CPU = Release|Any CPU
	EndGlobalSection
	GlobalSection(ProjectConfigurationPlatforms) = postSolution
		{6030F619-5A2D-4EE8-8ABA-16F364C08E60}.Debug|Any CPU.ActiveCfg = Debug|Any CPU
		{6030F619-5A2D-4EE8-8ABA-16F364C08E60}.Debug|Any CPU.Build.0 = Debug|Any CPU
		{6030F619-5A2D-4EE8-8ABA-16F364C08E60}.Release|Any CPU.ActiveCfg = Release|Any CPU
		{6030F619-5A2D-4EE8-8ABA-16F364C08E60}.Release|Any CPU.Build.0 = Release|Any CPU
		{71B60293-7854-4E27-BAD9-C9908B7EDB56}.Debug|Any CPU.ActiveCfg = Debug|Any CPU
		{71B60293-7854-4E27-BAD9-C9908B7EDB56}.Debug|Any CPU.Build.0 = Debug|Any CPU
		{71B60293-7854-4E27-BAD9-C9908B7EDB56}.Release|Any CPU.ActiveCfg = Release|Any CPU
		{71B60293-7854-4E27-BAD9-C9908B7EDB56}.Release|Any CPU.Build.0 = Release|Any CPU
		{E4CBC5EF-B060-458B-8AE7-C561AAFBE46E}.Debug|Any CPU.ActiveCfg = Debug|Any CPU
		{E4CBC5EF-B060-458B-8AE7-C561AAFBE46E}.Debug|Any CPU.Build.0 = Debug|Any CPU
		{E4CBC5EF-B060-458B-8AE7-C561AAFBE46E}.Release|Any CPU.ActiveCfg = Release|Any CPU
		{E4CBC5EF-B060-458B-8AE7-C561AAFBE46E}.Release|Any CPU.Build.0 = Release|Any CPU
		{7B958F71-09B8-440E-9B0F-0830119859D0}.Debug|Any CPU.ActiveCfg = Debug|Any CPU
		{7B958F71-09B8-440E-9B0F-0830119859D0}.Debug|Any CPU.Build.0 = Debug|Any CPU
		{7B958F71-09B8-440E-9B0F-0830119859D0}.Release|Any CPU.ActiveCfg = Release|Any CPU
		{7B958F71-09B8-440E-9B0F-0830119859D0}.Release|Any CPU.Build.0 = Release|Any CPU
		{5217E724-2B3F-4323-8BE6-0FF03726A532}.Debug|Any CPU.ActiveCfg = Debug|Any CPU
		{5217E724-2B3F-4323-8BE6-0FF03726A532}.Debug|Any CPU.Build.0 = Debug|Any CPU
		{5217E724-2B3F-4323-8BE6-0FF03726A532}.Release|Any CPU.ActiveCfg = Release|Any CPU
		{5217E724-2B3F-4323-8BE6-0FF03726A532}.Release|Any CPU.Build.0 = Release|Any CPU
		{52E5CD86-D6DA-4813-84F7-2416159F4AA6}.Debug|Any CPU.ActiveCfg = Debug|Any CPU
		{52E5CD86-D6DA-4813-84F7-2416159F4AA6}.Debug|Any CPU.Build.0 = Debug|Any CPU
		{52E5CD86-D6DA-4813-84F7-2416159F4AA6}.Release|Any CPU.ActiveCfg = Release|Any CPU
		{52E5CD86-D6DA-4813-84F7-2416159F4AA6}.Release|Any CPU.Build.0 = Release|Any CPU
		{99122967-C6B8-4400-B985-2145FF2A70D9}.Debug|Any CPU.ActiveCfg = Debug|Any CPU
		{99122967-C6B8-4400-B985-2145FF2A70D9}.Debug|Any CPU.Build.0 = Debug|Any CPU
		{99122967-C6B8-4400-B985-2145FF2A70D9}.Release|Any CPU.ActiveCfg = Release|Any CPU
		{99122967-C6B8-4400-B985-2145FF2A70D9}.Release|Any CPU.Build.0 = Release|Any CPU
		{942D11C4-29F5-46C4-8C14-4B976D56C637}.Debug|Any CPU.ActiveCfg = Debug|Any CPU
		{942D11C4-29F5-46C4-8C14-4B976D56C637}.Debug|Any CPU.Build.0 = Debug|Any CPU
		{942D11C4-29F5-46C4-8C14-4B976D56C637}.Release|Any CPU.ActiveCfg = Release|Any CPU
		{942D11C4-29F5-46C4-8C14-4B976D56C637}.Release|Any CPU.Build.0 = Release|Any CPU
		{E708AC99-605B-42A0-8D20-ABCA8FE42DD2}.Debug|Any CPU.ActiveCfg = Debug|Any CPU
		{E708AC99-605B-42A0-8D20-ABCA8FE42DD2}.Debug|Any CPU.Build.0 = Debug|Any CPU
		{E708AC99-605B-42A0-8D20-ABCA8FE42DD2}.Release|Any CPU.ActiveCfg = Release|Any CPU
		{E708AC99-605B-42A0-8D20-ABCA8FE42DD2}.Release|Any CPU.Build.0 = Release|Any CPU
		{77138947-1D13-4E22-AEE0-5D0DD046CA34}.Debug|Any CPU.ActiveCfg = Debug|Any CPU
		{77138947-1D13-4E22-AEE0-5D0DD046CA34}.Debug|Any CPU.Build.0 = Debug|Any CPU
		{77138947-1D13-4E22-AEE0-5D0DD046CA34}.Release|Any CPU.ActiveCfg = Release|Any CPU
		{77138947-1D13-4E22-AEE0-5D0DD046CA34}.Release|Any CPU.Build.0 = Release|Any CPU
		{DE856812-A32C-4866-801E-AF396D711942}.Debug|Any CPU.ActiveCfg = Debug|Any CPU
		{DE856812-A32C-4866-801E-AF396D711942}.Debug|Any CPU.Build.0 = Debug|Any CPU
		{DE856812-A32C-4866-801E-AF396D711942}.Release|Any CPU.ActiveCfg = Release|Any CPU
		{DE856812-A32C-4866-801E-AF396D711942}.Release|Any CPU.Build.0 = Release|Any CPU
		{6ED61550-8E7A-42C6-9B30-380C6F97ED55}.Debug|Any CPU.ActiveCfg = Debug|Any CPU
		{6ED61550-8E7A-42C6-9B30-380C6F97ED55}.Debug|Any CPU.Build.0 = Debug|Any CPU
		{6ED61550-8E7A-42C6-9B30-380C6F97ED55}.Release|Any CPU.ActiveCfg = Release|Any CPU
		{6ED61550-8E7A-42C6-9B30-380C6F97ED55}.Release|Any CPU.Build.0 = Release|Any CPU
		{90F96222-1C39-4A19-ABE8-1B00FB330985}.Debug|Any CPU.ActiveCfg = Debug|Any CPU
		{90F96222-1C39-4A19-ABE8-1B00FB330985}.Debug|Any CPU.Build.0 = Debug|Any CPU
		{90F96222-1C39-4A19-ABE8-1B00FB330985}.Release|Any CPU.ActiveCfg = Release|Any CPU
		{90F96222-1C39-4A19-ABE8-1B00FB330985}.Release|Any CPU.Build.0 = Release|Any CPU
		{BFCF93DF-58EC-4B76-868A-C7632F093731}.Debug|Any CPU.ActiveCfg = Debug|Any CPU
		{BFCF93DF-58EC-4B76-868A-C7632F093731}.Debug|Any CPU.Build.0 = Debug|Any CPU
		{BFCF93DF-58EC-4B76-868A-C7632F093731}.Release|Any CPU.ActiveCfg = Release|Any CPU
		{BFCF93DF-58EC-4B76-868A-C7632F093731}.Release|Any CPU.Build.0 = Release|Any CPU
		{A05C5DFF-932E-4848-8FCD-6ED953C6FE2F}.Debug|Any CPU.ActiveCfg = Debug|Any CPU
		{A05C5DFF-932E-4848-8FCD-6ED953C6FE2F}.Debug|Any CPU.Build.0 = Debug|Any CPU
		{A05C5DFF-932E-4848-8FCD-6ED953C6FE2F}.Release|Any CPU.ActiveCfg = Release|Any CPU
		{A05C5DFF-932E-4848-8FCD-6ED953C6FE2F}.Release|Any CPU.Build.0 = Release|Any CPU
	EndGlobalSection
	GlobalSection(SolutionProperties) = preSolution
		HideSolutionNode = FALSE
	EndGlobalSection
	GlobalSection(NestedProjects) = preSolution
		{71B60293-7854-4E27-BAD9-C9908B7EDB56} = {1E28F27C-724E-4B74-AB1F-B0E7BEA0E547}
		{7B958F71-09B8-440E-9B0F-0830119859D0} = {1E28F27C-724E-4B74-AB1F-B0E7BEA0E547}
		{52E5CD86-D6DA-4813-84F7-2416159F4AA6} = {1E28F27C-724E-4B74-AB1F-B0E7BEA0E547}
		{99122967-C6B8-4400-B985-2145FF2A70D9} = {1E28F27C-724E-4B74-AB1F-B0E7BEA0E547}
		{C96BB282-0524-4EF1-ACB5-88BD0ECECCB4} = {4F52F1DA-3CF8-41C9-81E9-EFFDAB978489}
		{3A0F5D61-C63B-4B1F-89CB-B01A31C71F36} = {4F52F1DA-3CF8-41C9-81E9-EFFDAB978489}
		{822BCB6B-5783-49B2-BD6D-3E848AD8276B} = {4F52F1DA-3CF8-41C9-81E9-EFFDAB978489}
		{771804B4-7CD2-4E2F-A2B4-C39220357810} = {4F52F1DA-3CF8-41C9-81E9-EFFDAB978489}
		{3C25E5A5-FE29-420F-83AD-FC14BAF7EA24} = {4F52F1DA-3CF8-41C9-81E9-EFFDAB978489}
		{E4CBC5EF-B060-458B-8AE7-C561AAFBE46E} = {C96BB282-0524-4EF1-ACB5-88BD0ECECCB4}
		{5217E724-2B3F-4323-8BE6-0FF03726A532} = {3A0F5D61-C63B-4B1F-89CB-B01A31C71F36}
		{BFCF93DF-58EC-4B76-868A-C7632F093731} = {3A0F5D61-C63B-4B1F-89CB-B01A31C71F36}
		{A05C5DFF-932E-4848-8FCD-6ED953C6FE2F} = {3A0F5D61-C63B-4B1F-89CB-B01A31C71F36}
		{942D11C4-29F5-46C4-8C14-4B976D56C637} = {822BCB6B-5783-49B2-BD6D-3E848AD8276B}
		{E708AC99-605B-42A0-8D20-ABCA8FE42DD2} = {822BCB6B-5783-49B2-BD6D-3E848AD8276B}
		{77138947-1D13-4E22-AEE0-5D0DD046CA34} = {771804B4-7CD2-4E2F-A2B4-C39220357810}
		{DE856812-A32C-4866-801E-AF396D711942} = {771804B4-7CD2-4E2F-A2B4-C39220357810}
		{6ED61550-8E7A-42C6-9B30-380C6F97ED55} = {771804B4-7CD2-4E2F-A2B4-C39220357810}
		{90F96222-1C39-4A19-ABE8-1B00FB330985} = {3C25E5A5-FE29-420F-83AD-FC14BAF7EA24}
	EndGlobalSection
EndGlobal
